
Microsoft Visual Studio Solution File, Format Version 12.00
# Visual Studio Version 17
VisualStudioVersion = 17.9.34728.123
MinimumVisualStudioVersion = 10.0.40219.1
Project("{9A19103F-16F7-4668-BE54-9A1E7A4F7556}") = "AnketMVVM", "AnketMVVM\AnketMVVM.csproj", "{09ED6103-E6D5-44DF-818A-C719122305EC}"
EndProject
Global
	GlobalSection(SolutionConfigurationPlatforms) = preSolution
		Debug|Any CPU = Debug|Any CPU
		Release|Any CPU = Release|Any CPU
	EndGlobalSection
	GlobalSection(ProjectConfigurationPlatforms) = postSolution
		{09ED6103-E6D5-44DF-818A-C719122305EC}.Debug|Any CPU.ActiveCfg = Debug|Any CPU
		{09ED6103-E6D5-44DF-818A-C719122305EC}.Debug|Any CPU.Build.0 = Debug|Any CPU
		{09ED6103-E6D5-44DF-818A-C719122305EC}.Release|Any CPU.ActiveCfg = Release|Any CPU
		{09ED6103-E6D5-44DF-818A-C719122305EC}.Release|Any CPU.Build.0 = Release|Any CPU
	EndGlobalSection
	GlobalSection(SolutionProperties) = preSolution
		HideSolutionNode = FALSE
	EndGlobalSection
	GlobalSection(ExtensibilityGlobals) = postSolution
		SolutionGuid = {ED1EB08D-CD38-4258-8156-1F0127019EBB}
	EndGlobalSection
EndGlobal
